// !$*UTF8*$!
{
	archiveVersion = 1;
	classes = {
	};
	objectVersion = 56;
	objects = {

/* Begin PBXBuildFile section */
		2DBBD2612AD8B7CF005B3BFB /* AppDelegate.swift in Sources */ = {isa = PBXBuildFile; fileRef = 2DBBD2602AD8B7CF005B3BFB /* AppDelegate.swift */; };
		2DBBD2632AD8B7CF005B3BFB /* SceneDelegate.swift in Sources */ = {isa = PBXBuildFile; fileRef = 2DBBD2622AD8B7CF005B3BFB /* SceneDelegate.swift */; };
		2DBBD2652AD8B7CF005B3BFB /* ViewController.swift in Sources */ = {isa = PBXBuildFile; fileRef = 2DBBD2642AD8B7CF005B3BFB /* ViewController.swift */; };
		2DBBD2682AD8B7CF005B3BFB /* Main.storyboard in Resources */ = {isa = PBXBuildFile; fileRef = 2DBBD2662AD8B7CF005B3BFB /* Main.storyboard */; };
		2DBBD26A2AD8B7D1005B3BFB /* Assets.xcassets in Resources */ = {isa = PBXBuildFile; fileRef = 2DBBD2692AD8B7D1005B3BFB /* Assets.xcassets */; };
		2DBBD26D2AD8B7D1005B3BFB /* LaunchScreen.storyboard in Resources */ = {isa = PBXBuildFile; fileRef = 2DBBD26B2AD8B7D1005B3BFB /* LaunchScreen.storyboard */; };
		2DBBD2782AD8B7D1005B3BFB /* Hachwich_SevenTests.swift in Sources */ = {isa = PBXBuildFile; fileRef = 2DBBD2772AD8B7D1005B3BFB /* Hachwich_SevenTests.swift */; };
		2DBBD2822AD8B7D1005B3BFB /* Hachwich_SevenUITests.swift in Sources */ = {isa = PBXBuildFile; fileRef = 2DBBD2812AD8B7D1005B3BFB /* Hachwich_SevenUITests.swift */; };
		2DBBD2842AD8B7D1005B3BFB /* Hachwich_SevenUITestsLaunchTests.swift in Sources */ = {isa = PBXBuildFile; fileRef = 2DBBD2832AD8B7D1005B3BFB /* Hachwich_SevenUITestsLaunchTests.swift */; };
		2DBBD2912AD8B8B0005B3BFB /* secondViewController.swift in Sources */ = {isa = PBXBuildFile; fileRef = 2DBBD2902AD8B8B0005B3BFB /* secondViewController.swift */; };
/* End PBXBuildFile section */

/* Begin PBXContainerItemProxy section */
		2DBBD2742AD8B7D1005B3BFB /* PBXContainerItemProxy */ = {
			isa = PBXContainerItemProxy;
			containerPortal = 2DBBD2552AD8B7CF005B3BFB /* Project object */;
			proxyType = 1;
			remoteGlobalIDString = 2DBBD25C2AD8B7CF005B3BFB;
			remoteInfo = "Hachwich Seven";
		};
		2DBBD27E2AD8B7D1005B3BFB /* PBXContainerItemProxy */ = {
			isa = PBXContainerItemProxy;
			containerPortal = 2DBBD2552AD8B7CF005B3BFB /* Project object */;
			proxyType = 1;
			remoteGlobalIDString = 2DBBD25C2AD8B7CF005B3BFB;
			remoteInfo = "Hachwich Seven";
		};
/* End PBXContainerItemProxy section */

/* Begin PBXFileReference section */
		2DBBD25D2AD8B7CF005B3BFB /* Hachwich Seven.app */ = {isa = PBXFileReference; explicitFileType = wrapper.application; includeInIndex = 0; path = "Hachwich Seven.app"; sourceTree = BUILT_PRODUCTS_DIR; };
		2DBBD2602AD8B7CF005B3BFB /* AppDelegate.swift */ = {isa = PBXFileReference; lastKnownFileType = sourcecode.swift; path = AppDelegate.swift; sourceTree = "<group>"; };
		2DBBD2622AD8B7CF005B3BFB /* SceneDelegate.swift */ = {isa = PBXFileReference; lastKnownFileType = sourcecode.swift; path = SceneDelegate.swift; sourceTree = "<group>"; };
		2DBBD2642AD8B7CF005B3BFB /* ViewController.swift */ = {isa = PBXFileReference; lastKnownFileType = sourcecode.swift; path = ViewController.swift; sourceTree = "<group>"; };
		2DBBD2672AD8B7CF005B3BFB /* Base */ = {isa = PBXFileReference; lastKnownFileType = file.storyboard; name = Base; path = Base.lproj/Main.storyboard; sourceTree = "<group>"; };
		2DBBD2692AD8B7D1005B3BFB /* Assets.xcassets */ = {isa = PBXFileReference; lastKnownFileType = folder.assetcatalog; path = Assets.xcassets; sourceTree = "<group>"; };
		2DBBD26C2AD8B7D1005B3BFB /* Base */ = {isa = PBXFileReference; lastKnownFileType = file.storyboard; name = Base; path = Base.lproj/LaunchScreen.storyboard; sourceTree = "<group>"; };
		2DBBD26E2AD8B7D1005B3BFB /* Info.plist */ = {isa = PBXFileReference; lastKnownFileType = text.plist.xml; path = Info.plist; sourceTree = "<group>"; };
		2DBBD2732AD8B7D1005B3BFB /* Hachwich SevenTests.xctest */ = {isa = PBXFileReference; explicitFileType = wrapper.cfbundle; includeInIndex = 0; path = "Hachwich SevenTests.xctest"; sourceTree = BUILT_PRODUCTS_DIR; };
		2DBBD2772AD8B7D1005B3BFB /* Hachwich_SevenTests.swift */ = {isa = PBXFileReference; lastKnownFileType = sourcecode.swift; path = Hachwich_SevenTests.swift; sourceTree = "<group>"; };
		2DBBD27D2AD8B7D1005B3BFB /* Hachwich SevenUITests.xctest */ = {isa = PBXFileReference; explicitFileType = wrapper.cfbundle; includeInIndex = 0; path = "Hachwich SevenUITests.xctest"; sourceTree = BUILT_PRODUCTS_DIR; };
		2DBBD2812AD8B7D1005B3BFB /* Hachwich_SevenUITests.swift */ = {isa = PBXFileReference; lastKnownFileType = sourcecode.swift; path = Hachwich_SevenUITests.swift; sourceTree = "<group>"; };
		2DBBD2832AD8B7D1005B3BFB /* Hachwich_SevenUITestsLaunchTests.swift */ = {isa = PBXFileReference; lastKnownFileType = sourcecode.swift; path = Hachwich_SevenUITestsLaunchTests.swift; sourceTree = "<group>"; };
		2DBBD2902AD8B8B0005B3BFB /* secondViewController.swift */ = {isa = PBXFileReference; lastKnownFileType = sourcecode.swift; path = secondViewController.swift; sourceTree = "<group>"; };
/* End PBXFileReference section */

/* Begin PBXFrameworksBuildPhase section */
		2DBBD25A2AD8B7CF005B3BFB /* Frameworks */ = {
			isa = PBXFrameworksBuildPhase;
			buildActionMask = 2147483647;
			files = (
			);
			runOnlyForDeploymentPostprocessing = 0;
		};
		2DBBD2702AD8B7D1005B3BFB /* Frameworks */ = {
			isa = PBXFrameworksBuildPhase;
			buildActionMask = 2147483647;
			files = (
			);
			runOnlyForDeploymentPostprocessing = 0;
		};
		2DBBD27A2AD8B7D1005B3BFB /* Frameworks */ = {
			isa = PBXFrameworksBuildPhase;
			buildActionMask = 2147483647;
			files = (
			);
			runOnlyForDeploymentPostprocessing = 0;
		};
/* End PBXFrameworksBuildPhase section */

/* Begin PBXGroup section */
		2DBBD2542AD8B7CF005B3BFB = {
			isa = PBXGroup;
			children = (
				2DBBD25F2AD8B7CF005B3BFB /* Hachwich Seven */,
				2DBBD2762AD8B7D1005B3BFB /* Hachwich SevenTests */,
				2DBBD2802AD8B7D1005B3BFB /* Hachwich SevenUITests */,
				2DBBD25E2AD8B7CF005B3BFB /* Products */,
			);
			sourceTree = "<group>";
		};
		2DBBD25E2AD8B7CF005B3BFB /* Products */ = {
			isa = PBXGroup;
			children = (
				2DBBD25D2AD8B7CF005B3BFB /* Hachwich Seven.app */,
				2DBBD2732AD8B7D1005B3BFB /* Hachwich SevenTests.xctest */,
				2DBBD27D2AD8B7D1005B3BFB /* Hachwich SevenUITests.xctest */,
			);
			name = Products;
			sourceTree = "<group>";
		};
		2DBBD25F2AD8B7CF005B3BFB /* Hachwich Seven */ = {
			isa = PBXGroup;
			children = (
				2DBBD2602AD8B7CF005B3BFB /* AppDelegate.swift */,
				2DBBD2622AD8B7CF005B3BFB /* SceneDelegate.swift */,
				2DBBD2642AD8B7CF005B3BFB /* ViewController.swift */,
				2DBBD2662AD8B7CF005B3BFB /* Main.storyboard */,
				2DBBD2902AD8B8B0005B3BFB /* secondViewController.swift */,
				2DBBD2692AD8B7D1005B3BFB /* Assets.xcassets */,
				2DBBD26B2AD8B7D1005B3BFB /* LaunchScreen.storyboard */,
				2DBBD26E2AD8B7D1005B3BFB /* Info.plist */,
			);
			path = "Hachwich Seven";
			sourceTree = "<group>";
		};
		2DBBD2762AD8B7D1005B3BFB /* Hachwich SevenTests */ = {
			isa = PBXGroup;
			children = (
				2DBBD2772AD8B7D1005B3BFB /* Hachwich_SevenTests.swift */,
			);
			path = "Hachwich SevenTests";
			sourceTree = "<group>";
		};
		2DBBD2802AD8B7D1005B3BFB /* Hachwich SevenUITests */ = {
			isa = PBXGroup;
			children = (
				2DBBD2812AD8B7D1005B3BFB /* Hachwich_SevenUITests.swift */,
				2DBBD2832AD8B7D1005B3BFB /* Hachwich_SevenUITestsLaunchTests.swift */,
			);
			path = "Hachwich SevenUITests";
			sourceTree = "<group>";
		};
/* End PBXGroup section */

/* Begin PBXNativeTarget section */
		2DBBD25C2AD8B7CF005B3BFB /* Hachwich Seven */ = {
			isa = PBXNativeTarget;
			buildConfigurationList = 2DBBD2872AD8B7D1005B3BFB /* Build configuration list for PBXNativeTarget "Hachwich Seven" */;
			buildPhases = (
				2DBBD2592AD8B7CF005B3BFB /* Sources */,
				2DBBD25A2AD8B7CF005B3BFB /* Frameworks */,
				2DBBD25B2AD8B7CF005B3BFB /* Resources */,
			);
			buildRules = (
			);
			dependencies = (
			);
			name = "Hachwich Seven";
			productName = "Hachwich Seven";
			productReference = 2DBBD25D2AD8B7CF005B3BFB /* Hachwich Seven.app */;
			productType = "com.apple.product-type.application";
		};
		2DBBD2722AD8B7D1005B3BFB /* Hachwich SevenTests */ = {
			isa = PBXNativeTarget;
			buildConfigurationList = 2DBBD28A2AD8B7D1005B3BFB /* Build configuration list for PBXNativeTarget "Hachwich SevenTests" */;
			buildPhases = (
				2DBBD26F2AD8B7D1005B3BFB /* Sources */,
				2DBBD2702AD8B7D1005B3BFB /* Frameworks */,
				2DBBD2712AD8B7D1005B3BFB /* Resources */,
			);
			buildRules = (
			);
			dependencies = (
				2DBBD2752AD8B7D1005B3BFB /* PBXTargetDependency */,
			);
			name = "Hachwich SevenTests";
			productName = "Hachwich SevenTests";
			productReference = 2DBBD2732AD8B7D1005B3BFB /* Hachwich SevenTests.xctest */;
			productType = "com.apple.product-type.bundle.unit-test";
		};
		2DBBD27C2AD8B7D1005B3BFB /* Hachwich SevenUITests */ = {
			isa = PBXNativeTarget;
			buildConfigurationList = 2DBBD28D2AD8B7D1005B3BFB /* Build configuration list for PBXNativeTarget "Hachwich SevenUITests" */;
			buildPhases = (
				2DBBD2792AD8B7D1005B3BFB /* Sources */,
				2DBBD27A2AD8B7D1005B3BFB /* Frameworks */,
				2DBBD27B2AD8B7D1005B3BFB /* Resources */,
			);
			buildRules = (
			);
			dependencies = (
				2DBBD27F2AD8B7D1005B3BFB /* PBXTargetDependency */,
			);
			name = "Hachwich SevenUITests";
			productName = "Hachwich SevenUITests";
			productReference = 2DBBD27D2AD8B7D1005B3BFB /* Hachwich SevenUITests.xctest */;
			productType = "com.apple.product-type.bundle.ui-testing";
		};
/* End PBXNativeTarget section */

/* Begin PBXProject section */
		2DBBD2552AD8B7CF005B3BFB /* Project object */ = {
			isa = PBXProject;
			attributes = {
				BuildIndependentTargetsInParallel = 1;
				LastSwiftUpdateCheck = 1430;
				LastUpgradeCheck = 1430;
				TargetAttributes = {
					2DBBD25C2AD8B7CF005B3BFB = {
						CreatedOnToolsVersion = 14.3.1;
					};
					2DBBD2722AD8B7D1005B3BFB = {
						CreatedOnToolsVersion = 14.3.1;
						TestTargetID = 2DBBD25C2AD8B7CF005B3BFB;
					};
					2DBBD27C2AD8B7D1005B3BFB = {
						CreatedOnToolsVersion = 14.3.1;
						TestTargetID = 2DBBD25C2AD8B7CF005B3BFB;
					};
				};
			};
			buildConfigurationList = 2DBBD2582AD8B7CF005B3BFB /* Build configuration list for PBXProject "Hachwich Seven" */;
			compatibilityVersion = "Xcode 14.0";
			developmentRegion = en;
			hasScannedForEncodings = 0;
			knownRegions = (
				en,
				Base,
			);
			mainGroup = 2DBBD2542AD8B7CF005B3BFB;
			productRefGroup = 2DBBD25E2AD8B7CF005B3BFB /* Products */;
			projectDirPath = "";
			projectRoot = "";
			targets = (
				2DBBD25C2AD8B7CF005B3BFB /* Hachwich Seven */,
				2DBBD2722AD8B7D1005B3BFB /* Hachwich SevenTests */,
				2DBBD27C2AD8B7D1005B3BFB /* Hachwich SevenUITests */,
			);
		};
/* End PBXProject section */

/* Begin PBXResourcesBuildPhase section */
		2DBBD25B2AD8B7CF005B3BFB /* Resources */ = {
			isa = PBXResourcesBuildPhase;
			buildActionMask = 2147483647;
			files = (
				2DBBD26D2AD8B7D1005B3BFB /* LaunchScreen.storyboard in Resources */,
				2DBBD26A2AD8B7D1005B3BFB /* Assets.xcassets in Resources */,
				2DBBD2682AD8B7CF005B3BFB /* Main.storyboard in Resources */,
			);
			runOnlyForDeploymentPostprocessing = 0;
		};
		2DBBD2712AD8B7D1005B3BFB /* Resources */ = {
			isa = PBXResourcesBuildPhase;
			buildActionMask = 2147483647;
			files = (
			);
			runOnlyForDeploymentPostprocessing = 0;
		};
		2DBBD27B2AD8B7D1005B3BFB /* Resources */ = {
			isa = PBXResourcesBuildPhase;
			buildActionMask = 2147483647;
			files = (
			);
			runOnlyForDeploymentPostprocessing = 0;
		};
/* End PBXResourcesBuildPhase section */

/* Begin PBXSourcesBuildPhase section */
		2DBBD2592AD8B7CF005B3BFB /* Sources */ = {
			isa = PBXSourcesBuildPhase;
			buildActionMask = 2147483647;
			files = (
				2DBBD2912AD8B8B0005B3BFB /* secondViewController.swift in Sources */,
				2DBBD2652AD8B7CF005B3BFB /* ViewController.swift in Sources */,
				2DBBD2612AD8B7CF005B3BFB /* AppDelegate.swift in Sources */,
				2DBBD2632AD8B7CF005B3BFB /* SceneDelegate.swift in Sources */,
			);
			runOnlyForDeploymentPostprocessing = 0;
		};
		2DBBD26F2AD8B7D1005B3BFB /* Sources */ = {
			isa = PBXSourcesBuildPhase;
			buildActionMask = 2147483647;
			files = (
				2DBBD2782AD8B7D1005B3BFB /* Hachwich_SevenTests.swift in Sources */,
			);
			runOnlyForDeploymentPostprocessing = 0;
		};
		2DBBD2792AD8B7D1005B3BFB /* Sources */ = {
			isa = PBXSourcesBuildPhase;
			buildActionMask = 2147483647;
			files = (
				2DBBD2822AD8B7D1005B3BFB /* Hachwich_SevenUITests.swift in Sources */,
				2DBBD2842AD8B7D1005B3BFB /* Hachwich_SevenUITestsLaunchTests.swift in Sources */,
			);
			runOnlyForDeploymentPostprocessing = 0;
		};
/* End PBXSourcesBuildPhase section */

/* Begin PBXTargetDependency section */
		2DBBD2752AD8B7D1005B3BFB /* PBXTargetDependency */ = {
			isa = PBXTargetDependency;
			target = 2DBBD25C2AD8B7CF005B3BFB /* Hachwich Seven */;
			targetProxy = 2DBBD2742AD8B7D1005B3BFB /* PBXContainerItemProxy */;
		};
		2DBBD27F2AD8B7D1005B3BFB /* PBXTargetDependency */ = {
			isa = PBXTargetDependency;
			target = 2DBBD25C2AD8B7CF005B3BFB /* Hachwich Seven */;
			targetProxy = 2DBBD27E2AD8B7D1005B3BFB /* PBXContainerItemProxy */;
		};
/* End PBXTargetDependency section */

/* Begin PBXVariantGroup section */
		2DBBD2662AD8B7CF005B3BFB /* Main.storyboard */ = {
			isa = PBXVariantGroup;
			children = (
				2DBBD2672AD8B7CF005B3BFB /* Base */,
			);
			name = Main.storyboard;
			sourceTree = "<group>";
		};
		2DBBD26B2AD8B7D1005B3BFB /* LaunchScreen.storyboard */ = {
			isa = PBXVariantGroup;
			children = (
				2DBBD26C2AD8B7D1005B3BFB /* Base */,
			);
			name = LaunchScreen.storyboard;
			sourceTree = "<group>";
		};
/* End PBXVariantGroup section */

/* Begin XCBuildConfiguration section */
		2DBBD2852AD8B7D1005B3BFB /* Debug */ = {
			isa = XCBuildConfiguration;
			buildSettings = {
				ALWAYS_SEARCH_USER_PATHS = NO;
				CLANG_ANALYZER_NONNULL = YES;
				CLANG_ANALYZER_NUMBER_OBJECT_CONVERSION = YES_AGGRESSIVE;
				CLANG_CXX_LANGUAGE_STANDARD = "gnu++20";
				CLANG_ENABLE_MODULES = YES;
				CLANG_ENABLE_OBJC_ARC = YES;
				CLANG_ENABLE_OBJC_WEAK = YES;
				CLANG_WARN_BLOCK_CAPTURE_AUTORELEASING = YES;
				CLANG_WARN_BOOL_CONVERSION = YES;
				CLANG_WARN_COMMA = YES;
				CLANG_WARN_CONSTANT_CONVERSION = YES;
				CLANG_WARN_DEPRECATED_OBJC_IMPLEMENTATIONS = YES;
				CLANG_WARN_DIRECT_OBJC_ISA_USAGE = YES_ERROR;
				CLANG_WARN_DOCUMENTATION_COMMENTS = YES;
				CLANG_WARN_EMPTY_BODY = YES;
				CLANG_WARN_ENUM_CONVERSION = YES;
				CLANG_WARN_INFINITE_RECURSION = YES;
				CLANG_WARN_INT_CONVERSION = YES;
				CLANG_WARN_NON_LITERAL_NULL_CONVERSION = YES;
				CLANG_WARN_OBJC_IMPLICIT_RETAIN_SELF = YES;
				CLANG_WARN_OBJC_LITERAL_CONVERSION = YES;
				CLANG_WARN_OBJC_ROOT_CLASS = YES_ERROR;
				CLANG_WARN_QUOTED_INCLUDE_IN_FRAMEWORK_HEADER = YES;
				CLANG_WARN_RANGE_LOOP_ANALYSIS = YES;
				CLANG_WARN_STRICT_PROTOTYPES = YES;
				CLANG_WARN_SUSPICIOUS_MOVE = YES;
				CLANG_WARN_UNGUARDED_AVAILABILITY = YES_AGGRESSIVE;
				CLANG_WARN_UNREACHABLE_CODE = YES;
				CLANG_WARN__DUPLICATE_METHOD_MATCH = YES;
				COPY_PHASE_STRIP = NO;
				DEBUG_INFORMATION_FORMAT = dwarf;
				ENABLE_STRICT_OBJC_MSGSEND = YES;
				ENABLE_TESTABILITY = YES;
				GCC_C_LANGUAGE_STANDARD = gnu11;
				GCC_DYNAMIC_NO_PIC = NO;
				GCC_NO_COMMON_BLOCKS = YES;
				GCC_OPTIMIZATION_LEVEL = 0;
				GCC_PREPROCESSOR_DEFINITIONS = (
					"DEBUG=1",
					"$(inherited)",
				);
				GCC_WARN_64_TO_32_BIT_CONVERSION = YES;
				GCC_WARN_ABOUT_RETURN_TYPE = YES_ERROR;
				GCC_WARN_UNDECLARED_SELECTOR = YES;
				GCC_WARN_UNINITIALIZED_AUTOS = YES_AGGRESSIVE;
				GCC_WARN_UNUSED_FUNCTION = YES;
				GCC_WARN_UNUSED_VARIABLE = YES;
				IPHONEOS_DEPLOYMENT_TARGET = 16.4;
				MTL_ENABLE_DEBUG_INFO = INCLUDE_SOURCE;
				MTL_FAST_MATH = YES;
				ONLY_ACTIVE_ARCH = YES;
				SDKROOT = iphoneos;
				SWIFT_ACTIVE_COMPILATION_CONDITIONS = DEBUG;
				SWIFT_OPTIMIZATION_LEVEL = "-Onone";
			};
			name = Debug;
		};
		2DBBD2862AD8B7D1005B3BFB /* Release */ = {
			isa = XCBuildConfiguration;
			buildSettings = {
				ALWAYS_SEARCH_USER_PATHS = NO;
				CLANG_ANALYZER_NONNULL = YES;
				CLANG_ANALYZER_NUMBER_OBJECT_CONVERSION = YES_AGGRESSIVE;
				CLANG_CXX_LANGUAGE_STANDARD = "gnu++20";
				CLANG_ENABLE_MODULES = YES;
				CLANG_ENABLE_OBJC_ARC = YES;
				CLANG_ENABLE_OBJC_WEAK = YES;
				CLANG_WARN_BLOCK_CAPTURE_AUTORELEASING = YES;
				CLANG_WARN_BOOL_CONVERSION = YES;
				CLANG_WARN_COMMA = YES;
				CLANG_WARN_CONSTANT_CONVERSION = YES;
				CLANG_WARN_DEPRECATED_OBJC_IMPLEMENTATIONS = YES;
				CLANG_WARN_DIRECT_OBJC_ISA_USAGE = YES_ERROR;
				CLANG_WARN_DOCUMENTATION_COMMENTS = YES;
				CLANG_WARN_EMPTY_BODY = YES;
				CLANG_WARN_ENUM_CONVERSION = YES;
				CLANG_WARN_INFINITE_RECURSION = YES;
				CLANG_WARN_INT_CONVERSION = YES;
				CLANG_WARN_NON_LITERAL_NULL_CONVERSION = YES;
				CLANG_WARN_OBJC_IMPLICIT_RETAIN_SELF = YES;
				CLANG_WARN_OBJC_LITERAL_CONVERSION = YES;
				CLANG_WARN_OBJC_ROOT_CLASS = YES_ERROR;
				CLANG_WARN_QUOTED_INCLUDE_IN_FRAMEWORK_HEADER = YES;
				CLANG_WARN_RANGE_LOOP_ANALYSIS = YES;
				CLANG_WARN_STRICT_PROTOTYPES = YES;
				CLANG_WARN_SUSPICIOUS_MOVE = YES;
				CLANG_WARN_UNGUARDED_AVAILABILITY = YES_AGGRESSIVE;
				CLANG_WARN_UNREACHABLE_CODE = YES;
				CLANG_WARN__DUPLICATE_METHOD_MATCH = YES;
				COPY_PHASE_STRIP = NO;
				DEBUG_INFORMATION_FORMAT = "dwarf-with-dsym";
				ENABLE_NS_ASSERTIONS = NO;
				ENABLE_STRICT_OBJC_MSGSEND = YES;
				GCC_C_LANGUAGE_STANDARD = gnu11;
				GCC_NO_COMMON_BLOCKS = YES;
				GCC_WARN_64_TO_32_BIT_CONVERSION = YES;
				GCC_WARN_ABOUT_RETURN_TYPE = YES_ERROR;
				GCC_WARN_UNDECLARED_SELECTOR = YES;
				GCC_WARN_UNINITIALIZED_AUTOS = YES_AGGRESSIVE;
				GCC_WARN_UNUSED_FUNCTION = YES;
				GCC_WARN_UNUSED_VARIABLE = YES;
				IPHONEOS_DEPLOYMENT_TARGET = 16.4;
				MTL_ENABLE_DEBUG_INFO = NO;
				MTL_FAST_MATH = YES;
				SDKROOT = iphoneos;
				SWIFT_COMPILATION_MODE = wholemodule;
				SWIFT_OPTIMIZATION_LEVEL = "-O";
				VALIDATE_PRODUCT = YES;
			};
			name = Release;
		};
		2DBBD2882AD8B7D1005B3BFB /* Debug */ = {
			isa = XCBuildConfiguration;
			buildSettings = {
				ASSETCATALOG_COMPILER_APPICON_NAME = AppIcon;
				ASSETCATALOG_COMPILER_GLOBAL_ACCENT_COLOR_NAME = AccentColor;
				CODE_SIGN_STYLE = Automatic;
				CURRENT_PROJECT_VERSION = 1;
				DEVELOPMENT_TEAM = 25PWZ37DVH;
				GENERATE_INFOPLIST_FILE = YES;
				INFOPLIST_FILE = "Hachwich Seven/Info.plist";
				INFOPLIST_KEY_UIApplicationSupportsIndirectInputEvents = YES;
				INFOPLIST_KEY_UILaunchStoryboardName = LaunchScreen;
				INFOPLIST_KEY_UIMainStoryboardFile = Main;
				INFOPLIST_KEY_UISupportedInterfaceOrientations_iPad = "UIInterfaceOrientationPortrait UIInterfaceOrientationPortraitUpsideDown UIInterfaceOrientationLandscapeLeft UIInterfaceOrientationLandscapeRight";
				INFOPLIST_KEY_UISupportedInterfaceOrientations_iPhone = "UIInterfaceOrientationPortrait UIInterfaceOrientationLandscapeLeft UIInterfaceOrientationLandscapeRight";
				LD_RUNPATH_SEARCH_PATHS = (
					"$(inherited)",
					"@executable_path/Frameworks",
				);
				MARKETING_VERSION = 1.0;
				PRODUCT_BUNDLE_IDENTIFIER = "Alexis.Hachwich-Seven";
				PRODUCT_NAME = "$(TARGET_NAME)";
				SWIFT_EMIT_LOC_STRINGS = YES;
				SWIFT_VERSION = 5.0;
				TARGETED_DEVICE_FAMILY = "1,2";
			};
			name = Debug;
		};
		2DBBD2892AD8B7D1005B3BFB /* Release */ = {
			isa = XCBuildConfiguration;
			buildSettings = {
				ASSETCATALOG_COMPILER_APPICON_NAME = AppIcon;
				ASSETCATALOG_COMPILER_GLOBAL_ACCENT_COLOR_NAME = AccentColor;
				CODE_SIGN_STYLE = Automatic;
				CURRENT_PROJECT_VERSION = 1;
				DEVELOPMENT_TEAM = 25PWZ37DVH;
				GENERATE_INFOPLIST_FILE = YES;
				INFOPLIST_FILE = "Hachwich Seven/Info.plist";
				INFOPLIST_KEY_UIApplicationSupportsIndirectInputEvents = YES;
				INFOPLIST_KEY_UILaunchStoryboardName = LaunchScreen;
				INFOPLIST_KEY_UIMainStoryboardFile = Main;
				INFOPLIST_KEY_UISupportedInterfaceOrientations_iPad = "UIInterfaceOrientationPortrait UIInterfaceOrientationPortraitUpsideDown UIInterfaceOrientationLandscapeLeft UIInterfaceOrientationLandscapeRight";
				INFOPLIST_KEY_UISupportedInterfaceOrientations_iPhone = "UIInterfaceOrientationPortrait UIInterfaceOrientationLandscapeLeft UIInterfaceOrientationLandscapeRight";
				LD_RUNPATH_SEARCH_PATHS = (
					"$(inherited)",
					"@executable_path/Frameworks",
				);
				MARKETING_VERSION = 1.0;
				PRODUCT_BUNDLE_IDENTIFIER = "Alexis.Hachwich-Seven";
				PRODUCT_NAME = "$(TARGET_NAME)";
				SWIFT_EMIT_LOC_STRINGS = YES;
				SWIFT_VERSION = 5.0;
				TARGETED_DEVICE_FAMILY = "1,2";
			};
			name = Release;
		};
		2DBBD28B2AD8B7D1005B3BFB /* Debug */ = {
			isa = XCBuildConfiguration;
			buildSettings = {
				ALWAYS_EMBED_SWIFT_STANDARD_LIBRARIES = YES;
				BUNDLE_LOADER = "$(TEST_HOST)";
				CODE_SIGN_STYLE = Automatic;
				CURRENT_PROJECT_VERSION = 1;
				DEVELOPMENT_TEAM = 25PWZ37DVH;
				GENERATE_INFOPLIST_FILE = YES;
				IPHONEOS_DEPLOYMENT_TARGET = 16.4;
				MARKETING_VERSION = 1.0;
				PRODUCT_BUNDLE_IDENTIFIER = "Alexis.Hachwich-SevenTests";
				PRODUCT_NAME = "$(TARGET_NAME)";
				SWIFT_EMIT_LOC_STRINGS = NO;
				SWIFT_VERSION = 5.0;
				TARGETED_DEVICE_FAMILY = "1,2";
				TEST_HOST = "$(BUILT_PRODUCTS_DIR)/Hachwich Seven.app/$(BUNDLE_EXECUTABLE_FOLDER_PATH)/Hachwich Seven";
			};
			name = Debug;
		};
		2DBBD28C2AD8B7D1005B3BFB /* Release */ = {
			isa = XCBuildConfiguration;
			buildSettings = {
				ALWAYS_EMBED_SWIFT_STANDARD_LIBRARIES = YES;
				BUNDLE_LOADER = "$(TEST_HOST)";
				CODE_SIGN_STYLE = Automatic;
				CURRENT_PROJECT_VERSION = 1;
				DEVELOPMENT_TEAM = 25PWZ37DVH;
				GENERATE_INFOPLIST_FILE = YES;
				IPHONEOS_DEPLOYMENT_TARGET = 16.4;
				MARKETING_VERSION = 1.0;
				PRODUCT_BUNDLE_IDENTIFIER = "Alexis.Hachwich-SevenTests";
				PRODUCT_NAME = "$(TARGET_NAME)";
				SWIFT_EMIT_LOC_STRINGS = NO;
				SWIFT_VERSION = 5.0;
				TARGETED_DEVICE_FAMILY = "1,2";
				TEST_HOST = "$(BUILT_PRODUCTS_DIR)/Hachwich Seven.app/$(BUNDLE_EXECUTABLE_FOLDER_PATH)/Hachwich Seven";
			};
			name = Release;
		};
		2DBBD28E2AD8B7D1005B3BFB /* Debug */ = {
			isa = XCBuildConfiguration;
			buildSettings = {
				ALWAYS_EMBED_SWIFT_STANDARD_LIBRARIES = YES;
				CODE_SIGN_STYLE = Automatic;
				CURRENT_PROJECT_VERSION = 1;
				DEVELOPMENT_TEAM = 25PWZ37DVH;
				GENERATE_INFOPLIST_FILE = YES;
				MARKETING_VERSION = 1.0;
				PRODUCT_BUNDLE_IDENTIFIER = "Alexis.Hachwich-SevenUITests";
				PRODUCT_NAME = "$(TARGET_NAME)";
				SWIFT_EMIT_LOC_STRINGS = NO;
				SWIFT_VERSION = 5.0;
				TARGETED_DEVICE_FAMILY = "1,2";
				TEST_TARGET_NAME = "Hachwich Seven";
			};
			name = Debug;
		};
		2DBBD28F2AD8B7D1005B3BFB /* Release */ = {
			isa = XCBuildConfiguration;
			buildSettings = {
				ALWAYS_EMBED_SWIFT_STANDARD_LIBRARIES = YES;
				CODE_SIGN_STYLE = Automatic;
				CURRENT_PROJECT_VERSION = 1;
				DEVELOPMENT_TEAM = 25PWZ37DVH;
				GENERATE_INFOPLIST_FILE = YES;
				MARKETING_VERSION = 1.0;
				PRODUCT_BUNDLE_IDENTIFIER = "Alexis.Hachwich-SevenUITests";
				PRODUCT_NAME = "$(TARGET_NAME)";
				SWIFT_EMIT_LOC_STRINGS = NO;
				SWIFT_VERSION = 5.0;
				TARGETED_DEVICE_FAMILY = "1,2";
				TEST_TARGET_NAME = "Hachwich Seven";
			};
			name = Release;
		};
/* End XCBuildConfiguration section */

/* Begin XCConfigurationList section */
		2DBBD2582AD8B7CF005B3BFB /* Build configuration list for PBXProject "Hachwich Seven" */ = {
			isa = XCConfigurationList;
			buildConfigurations = (
				2DBBD2852AD8B7D1005B3BFB /* Debug */,
				2DBBD2862AD8B7D1005B3BFB /* Release */,
			);
			defaultConfigurationIsVisible = 0;
			defaultConfigurationName = Release;
		};
		2DBBD2872AD8B7D1005B3BFB /* Build configuration list for PBXNativeTarget "Hachwich Seven" */ = {
			isa = XCConfigurationList;
			buildConfigurations = (
				2DBBD2882AD8B7D1005B3BFB /* Debug */,
				2DBBD2892AD8B7D1005B3BFB /* Release */,
			);
			defaultConfigurationIsVisible = 0;
			defaultConfigurationName = Release;
		};
		2DBBD28A2AD8B7D1005B3BFB /* Build configuration list for PBXNativeTarget "Hachwich SevenTests" */ = {
			isa = XCConfigurationList;
			buildConfigurations = (
				2DBBD28B2AD8B7D1005B3BFB /* Debug */,
				2DBBD28C2AD8B7D1005B3BFB /* Release */,
			);
			defaultConfigurationIsVisible = 0;
			defaultConfigurationName = Release;
		};
		2DBBD28D2AD8B7D1005B3BFB /* Build configuration list for PBXNativeTarget "Hachwich SevenUITests" */ = {
			isa = XCConfigurationList;
			buildConfigurations = (
				2DBBD28E2AD8B7D1005B3BFB /* Debug */,
				2DBBD28F2AD8B7D1005B3BFB /* Release */,
			);
			defaultConfigurationIsVisible = 0;
			defaultConfigurationName = Release;
		};
/* End XCConfigurationList section */
	};
	rootObject = 2DBBD2552AD8B7CF005B3BFB /* Project object */;
}
